
Microsoft Visual Studio Solution File, Format Version 12.00
# Visual Studio 2013
VisualStudioVersion = 12.0.21005.1
MinimumVisualStudioVersion = 10.0.40219.1
Project("{FAE04EC0-301F-11D3-BF4B-00C04F79EFBC}") = "ShoppingWebsite", "ShoppingWebsite\ShoppingWebsite.csproj", "{7126A783-A857-450B-8259-15388D4077E6}"
EndProject
Project("{FAE04EC0-301F-11D3-BF4B-00C04F79EFBC}") = "DAL", "DAL\DAL.csproj", "{F002A44B-CF66-42A1-8F22-BE2CB98EF0A6}"
EndProject
Global
	GlobalSection(SolutionConfigurationPlatforms) = preSolution
		Debug|Any CPU = Debug|Any CPU
		Release|Any CPU = Release|Any CPU
	EndGlobalSection
	GlobalSection(ProjectConfigurationPlatforms) = postSolution
		{7126A783-A857-450B-8259-15388D4077E6}.Debug|Any CPU.ActiveCfg = Debug|Any CPU
		{7126A783-A857-450B-8259-15388D4077E6}.Debug|Any CPU.Build.0 = Debug|Any CPU
		{7126A783-A857-450B-8259-15388D4077E6}.Release|Any CPU.ActiveCfg = Release|Any CPU
		{7126A783-A857-450B-8259-15388D4077E6}.Release|Any CPU.Build.0 = Release|Any CPU
		{F002A44B-CF66-42A1-8F22-BE2CB98EF0A6}.Debug|Any CPU.ActiveCfg = Debug|Any CPU
		{F002A44B-CF66-42A1-8F22-BE2CB98EF0A6}.Debug|Any CPU.Build.0 = Debug|Any CPU
		{F002A44B-CF66-42A1-8F22-BE2CB98EF0A6}.Release|Any CPU.ActiveCfg = Release|Any CPU
		{F002A44B-CF66-42A1-8F22-BE2CB98EF0A6}.Release|Any CPU.Build.0 = Release|Any CPU
	EndGlobalSection
	GlobalSection(SolutionProperties) = preSolution
		HideSolutionNode = FALSE
	EndGlobalSection
EndGlobal
